
Microsoft Visual Studio Solution File, Format Version 12.00
# Visual Studio Version 16
VisualStudioVersion = 16.0.31005.135
MinimumVisualStudioVersion = 10.0.40219.1
Project("{FAE04EC0-301F-11D3-BF4B-00C04F79EFBC}") = "PrezzoQuantitàWPF", "PrezzoQuantitàWPF\PrezzoQuantitàWPF.csproj", "{292D0022-F7DE-45B3-904E-26D7F3CF15D2}"
EndProject
Global
	GlobalSection(SolutionConfigurationPlatforms) = preSolution
		Debug|Any CPU = Debug|Any CPU
		Release|Any CPU = Release|Any CPU
	EndGlobalSection
	GlobalSection(ProjectConfigurationPlatforms) = postSolution
		{292D0022-F7DE-45B3-904E-26D7F3CF15D2}.Debug|Any CPU.ActiveCfg = Debug|Any CPU
		{292D0022-F7DE-45B3-904E-26D7F3CF15D2}.Debug|Any CPU.Build.0 = Debug|Any CPU
		{292D0022-F7DE-45B3-904E-26D7F3CF15D2}.Release|Any CPU.ActiveCfg = Release|Any CPU
		{292D0022-F7DE-45B3-904E-26D7F3CF15D2}.Release|Any CPU.Build.0 = Release|Any CPU
	EndGlobalSection
	GlobalSection(SolutionProperties) = preSolution
		HideSolutionNode = FALSE
	EndGlobalSection
	GlobalSection(ExtensibilityGlobals) = postSolution
		SolutionGuid = {032CB228-795A-4533-847B-BD4060351A0F}
	EndGlobalSection
EndGlobal
